
Microsoft Visual Studio Solution File, Format Version 12.00
# Visual Studio Version 17
VisualStudioVersion = 17.11.35222.181
MinimumVisualStudioVersion = 10.0.40219.1
Project("{FAE04EC0-301F-11D3-BF4B-00C04F79EFBC}") = "BelajarCrud", "BelajarCrud.csproj", "{04A8838F-BB1D-425A-8BF1-0D252365D069}"
EndProject
Global
	GlobalSection(SolutionConfigurationPlatforms) = preSolution
		Debug|Any CPU = Debug|Any CPU
		Release|Any CPU = Release|Any CPU
	EndGlobalSection
	GlobalSection(ProjectConfigurationPlatforms) = postSolution
		{04A8838F-BB1D-425A-8BF1-0D252365D069}.Debug|Any CPU.ActiveCfg = Debug|Any CPU
		{04A8838F-BB1D-425A-8BF1-0D252365D069}.Debug|Any CPU.Build.0 = Debug|Any CPU
		{04A8838F-BB1D-425A-8BF1-0D252365D069}.Release|Any CPU.ActiveCfg = Release|Any CPU
		{04A8838F-BB1D-425A-8BF1-0D252365D069}.Release|Any CPU.Build.0 = Release|Any CPU
	EndGlobalSection
	GlobalSection(SolutionProperties) = preSolution
		HideSolutionNode = FALSE
	EndGlobalSection
	GlobalSection(ExtensibilityGlobals) = postSolution
		SolutionGuid = {EA4BF81C-2B7E-4E49-8A19-DFAD7B763D2B}
	EndGlobalSection
EndGlobal
